
Microsoft Visual Studio Solution File, Format Version 11.00
# Visual Studio 2010
Project("{FAE04EC0-301F-11D3-BF4B-00C04F79EFBC}") = "Sample", "Sample\Sample.csproj", "{D1AA73D7-6BA0-49C8-9BEA-87CFE3416243}"
EndProject
Global
	GlobalSection(SolutionConfigurationPlatforms) = preSolution
		Debug|x86 = Debug|x86
		Release|x86 = Release|x86
	EndGlobalSection
	GlobalSection(ProjectConfigurationPlatforms) = postSolution
		{D1AA73D7-6BA0-49C8-9BEA-87CFE3416243}.Debug|x86.ActiveCfg = Debug|x86
		{D1AA73D7-6BA0-49C8-9BEA-87CFE3416243}.Debug|x86.Build.0 = Debug|x86
		{D1AA73D7-6BA0-49C8-9BEA-87CFE3416243}.Release|x86.ActiveCfg = Release|x86
		{D1AA73D7-6BA0-49C8-9BEA-87CFE3416243}.Release|x86.Build.0 = Release|x86
	EndGlobalSection
	GlobalSection(SolutionProperties) = preSolution
		HideSolutionNode = FALSE
	EndGlobalSection
EndGlobal
